// !$*UTF8*$!
{
	archiveVersion = 1;
	classes = {
	};
	objectVersion = 55;
	objects = {

/* Begin PBXBuildFile section */
		9895628C285DBCFF0061FE55 /* BaseCollectionViewController.swift in Sources */ = {isa = PBXBuildFile; fileRef = 9895628B285DBCFF0061FE55 /* BaseCollectionViewController.swift */; };
		9895628E2860DADB0061FE55 /* BaseCell.swift in Sources */ = {isa = PBXBuildFile; fileRef = 9895628D2860DADB0061FE55 /* BaseCell.swift */; };
		989562912861BFE40061FE55 /* ItemDetailViewController.swift in Sources */ = {isa = PBXBuildFile; fileRef = 989562902861BFE40061FE55 /* ItemDetailViewController.swift */; };
		CE068568284F601D00BE6441 /* AlsoLikeCell.swift in Sources */ = {isa = PBXBuildFile; fileRef = CE068567284F601D00BE6441 /* AlsoLikeCell.swift */; };
		CEDC6619283AAB83001D4E71 /* AppDelegate.swift in Sources */ = {isa = PBXBuildFile; fileRef = CEDC6618283AAB83001D4E71 /* AppDelegate.swift */; };
		CEDC661B283AAB83001D4E71 /* SceneDelegate.swift in Sources */ = {isa = PBXBuildFile; fileRef = CEDC661A283AAB83001D4E71 /* SceneDelegate.swift */; };
		CEDC6622283AAB85001D4E71 /* Assets.xcassets in Resources */ = {isa = PBXBuildFile; fileRef = CEDC6621283AAB85001D4E71 /* Assets.xcassets */; };
		CEDC6625283AAB85001D4E71 /* LaunchScreen.storyboard in Resources */ = {isa = PBXBuildFile; fileRef = CEDC6623283AAB85001D4E71 /* LaunchScreen.storyboard */; };
		CEDC662F283AAE14001D4E71 /* MainTabBarController.swift in Sources */ = {isa = PBXBuildFile; fileRef = CEDC662E283AAE14001D4E71 /* MainTabBarController.swift */; };
		CEDC6631283AAE6A001D4E71 /* HomeViewController.swift in Sources */ = {isa = PBXBuildFile; fileRef = CEDC6630283AAE6A001D4E71 /* HomeViewController.swift */; };
		CEDC6633283AB1C2001D4E71 /* HomeCoordinator.swift in Sources */ = {isa = PBXBuildFile; fileRef = CEDC6632283AB1C2001D4E71 /* HomeCoordinator.swift */; };
		CEDC6636283AB4F2001D4E71 /* CoordinatedNavigationController.swift in Sources */ = {isa = PBXBuildFile; fileRef = CEDC6635283AB4F2001D4E71 /* CoordinatedNavigationController.swift */; };
		CEDC6638283AB59E001D4E71 /* Coordinator.swift in Sources */ = {isa = PBXBuildFile; fileRef = CEDC6637283AB59E001D4E71 /* Coordinator.swift */; };
		CEDC663B283BFE20001D4E71 /* FavoutiteCoordinator.swift in Sources */ = {isa = PBXBuildFile; fileRef = CEDC663A283BFE20001D4E71 /* FavoutiteCoordinator.swift */; };
		CEDC663D283BFE2F001D4E71 /* FavouriteViewController.swift in Sources */ = {isa = PBXBuildFile; fileRef = CEDC663C283BFE2F001D4E71 /* FavouriteViewController.swift */; };
		CEEB3D3D283EA5FE007FF5FE /* HomeDataSource.swift in Sources */ = {isa = PBXBuildFile; fileRef = CEEB3D3C283EA5FE007FF5FE /* HomeDataSource.swift */; };
		CEEB3D44283EA76B007FF5FE /* Items.json in Resources */ = {isa = PBXBuildFile; fileRef = CEEB3D43283EA76B007FF5FE /* Items.json */; };
		CEEB3D47283EB205007FF5FE /* BundleLoading.swift in Sources */ = {isa = PBXBuildFile; fileRef = CEEB3D46283EB205007FF5FE /* BundleLoading.swift */; };
		CEEB3D49283EB262007FF5FE /* Item.swift in Sources */ = {isa = PBXBuildFile; fileRef = CEEB3D48283EB262007FF5FE /* Item.swift */; };
		CEEB3D4D283EC58E007FF5FE /* BrandCell.swift in Sources */ = {isa = PBXBuildFile; fileRef = CEEB3D4C283EC58E007FF5FE /* BrandCell.swift */; };
		CEEB3D56284B4745007FF5FE /* HeaderView.swift in Sources */ = {isa = PBXBuildFile; fileRef = CEEB3D55284B4745007FF5FE /* HeaderView.swift */; };
/* End PBXBuildFile section */

/* Begin PBXFileReference section */
		9895628B285DBCFF0061FE55 /* BaseCollectionViewController.swift */ = {isa = PBXFileReference; lastKnownFileType = sourcecode.swift; path = BaseCollectionViewController.swift; sourceTree = "<group>"; };
		9895628D2860DADB0061FE55 /* BaseCell.swift */ = {isa = PBXFileReference; lastKnownFileType = sourcecode.swift; path = BaseCell.swift; sourceTree = "<group>"; };
		989562902861BFE40061FE55 /* ItemDetailViewController.swift */ = {isa = PBXFileReference; lastKnownFileType = sourcecode.swift; path = ItemDetailViewController.swift; sourceTree = "<group>"; };
		CE068567284F601D00BE6441 /* AlsoLikeCell.swift */ = {isa = PBXFileReference; lastKnownFileType = sourcecode.swift; path = AlsoLikeCell.swift; sourceTree = "<group>"; };
		CEDC6615283AAB83001D4E71 /* ZooMarket.app */ = {isa = PBXFileReference; explicitFileType = wrapper.application; includeInIndex = 0; path = ZooMarket.app; sourceTree = BUILT_PRODUCTS_DIR; };
		CEDC6618283AAB83001D4E71 /* AppDelegate.swift */ = {isa = PBXFileReference; lastKnownFileType = sourcecode.swift; path = AppDelegate.swift; sourceTree = "<group>"; };
		CEDC661A283AAB83001D4E71 /* SceneDelegate.swift */ = {isa = PBXFileReference; lastKnownFileType = sourcecode.swift; path = SceneDelegate.swift; sourceTree = "<group>"; };
		CEDC6621283AAB85001D4E71 /* Assets.xcassets */ = {isa = PBXFileReference; lastKnownFileType = folder.assetcatalog; path = Assets.xcassets; sourceTree = "<group>"; };
		CEDC6624283AAB85001D4E71 /* Base */ = {isa = PBXFileReference; lastKnownFileType = file.storyboard; name = Base; path = Base.lproj/LaunchScreen.storyboard; sourceTree = "<group>"; };
		CEDC6626283AAB85001D4E71 /* Info.plist */ = {isa = PBXFileReference; lastKnownFileType = text.plist.xml; path = Info.plist; sourceTree = "<group>"; };
		CEDC662E283AAE14001D4E71 /* MainTabBarController.swift */ = {isa = PBXFileReference; lastKnownFileType = sourcecode.swift; path = MainTabBarController.swift; sourceTree = "<group>"; };
		CEDC6630283AAE6A001D4E71 /* HomeViewController.swift */ = {isa = PBXFileReference; lastKnownFileType = sourcecode.swift; path = HomeViewController.swift; sourceTree = "<group>"; };
		CEDC6632283AB1C2001D4E71 /* HomeCoordinator.swift */ = {isa = PBXFileReference; lastKnownFileType = sourcecode.swift; path = HomeCoordinator.swift; sourceTree = "<group>"; };
		CEDC6635283AB4F2001D4E71 /* CoordinatedNavigationController.swift */ = {isa = PBXFileReference; lastKnownFileType = sourcecode.swift; path = CoordinatedNavigationController.swift; sourceTree = "<group>"; };
		CEDC6637283AB59E001D4E71 /* Coordinator.swift */ = {isa = PBXFileReference; lastKnownFileType = sourcecode.swift; path = Coordinator.swift; sourceTree = "<group>"; };
		CEDC663A283BFE20001D4E71 /* FavoutiteCoordinator.swift */ = {isa = PBXFileReference; lastKnownFileType = sourcecode.swift; path = FavoutiteCoordinator.swift; sourceTree = "<group>"; };
		CEDC663C283BFE2F001D4E71 /* FavouriteViewController.swift */ = {isa = PBXFileReference; lastKnownFileType = sourcecode.swift; path = FavouriteViewController.swift; sourceTree = "<group>"; };
		CEEB3D3C283EA5FE007FF5FE /* HomeDataSource.swift */ = {isa = PBXFileReference; lastKnownFileType = sourcecode.swift; path = HomeDataSource.swift; sourceTree = "<group>"; };
		CEEB3D43283EA76B007FF5FE /* Items.json */ = {isa = PBXFileReference; lastKnownFileType = text.json; path = Items.json; sourceTree = "<group>"; xcLanguageSpecificationIdentifier = xcode.lang.json; };
		CEEB3D46283EB205007FF5FE /* BundleLoading.swift */ = {isa = PBXFileReference; lastKnownFileType = sourcecode.swift; path = BundleLoading.swift; sourceTree = "<group>"; };
		CEEB3D48283EB262007FF5FE /* Item.swift */ = {isa = PBXFileReference; lastKnownFileType = sourcecode.swift; path = Item.swift; sourceTree = "<group>"; };
		CEEB3D4C283EC58E007FF5FE /* BrandCell.swift */ = {isa = PBXFileReference; lastKnownFileType = sourcecode.swift; path = BrandCell.swift; sourceTree = "<group>"; };
		CEEB3D55284B4745007FF5FE /* HeaderView.swift */ = {isa = PBXFileReference; lastKnownFileType = sourcecode.swift; path = HeaderView.swift; sourceTree = "<group>"; };
/* End PBXFileReference section */

/* Begin PBXFrameworksBuildPhase section */
		CEDC6612283AAB83001D4E71 /* Frameworks */ = {
			isa = PBXFrameworksBuildPhase;
			buildActionMask = 2147483647;
			files = (
			);
			runOnlyForDeploymentPostprocessing = 0;
		};
/* End PBXFrameworksBuildPhase section */

/* Begin PBXGroup section */
		9895628F2861BFD10061FE55 /* Detail */ = {
			isa = PBXGroup;
			children = (
				989562902861BFE40061FE55 /* ItemDetailViewController.swift */,
			);
			path = Detail;
			sourceTree = "<group>";
		};
		989562922861C01B0061FE55 /* Home */ = {
			isa = PBXGroup;
			children = (
				CEDC6630283AAE6A001D4E71 /* HomeViewController.swift */,
				CEEB3D3C283EA5FE007FF5FE /* HomeDataSource.swift */,
				989562932861C0560061FE55 /* Cells */,
			);
			path = Home;
			sourceTree = "<group>";
		};
		989562932861C0560061FE55 /* Cells */ = {
			isa = PBXGroup;
			children = (
				CEEB3D4C283EC58E007FF5FE /* BrandCell.swift */,
				CE068567284F601D00BE6441 /* AlsoLikeCell.swift */,
			);
			path = Cells;
			sourceTree = "<group>";
		};
		9895629B2863100B0061FE55 /* ZooMarket */ = {
			isa = PBXGroup;
			children = (
				CEDC6623283AAB85001D4E71 /* LaunchScreen.storyboard */,
				CEDC6621283AAB85001D4E71 /* Assets.xcassets */,
			);
			path = ZooMarket;
			sourceTree = "<group>";
		};
		9895629C2863104B0061FE55 /* ZooMarket_iOS */ = {
			isa = PBXGroup;
			children = (
				CEDC662E283AAE14001D4E71 /* MainTabBarController.swift */,
				CEDC662D283AADF9001D4E71 /* Home */,
				CEDC6639283BFE06001D4E71 /* Favourite */,
			);
			path = ZooMarket_iOS;
			sourceTree = "<group>";
		};
		9895629D286310F00061FE55 /* ZooMarket_UIKit */ = {
			isa = PBXGroup;
			children = (
				CEEB3D45283EB1F3007FF5FE /* Extensions */,
				CEDC6634283AB4D2001D4E71 /* Reusables */,
				CEEB3D54284B472D007FF5FE /* Shared Views */,
			);
			path = ZooMarket_UIKit;
			sourceTree = "<group>";
		};
		9895629E2863117A0061FE55 /* ZooMarketKit */ = {
			isa = PBXGroup;
			children = (
				9895629F286311A70061FE55 /* Models */,
			);
			path = ZooMarketKit;
			sourceTree = "<group>";
		};
		9895629F286311A70061FE55 /* Models */ = {
			isa = PBXGroup;
			children = (
				CEEB3D48283EB262007FF5FE /* Item.swift */,
				CEEB3D43283EA76B007FF5FE /* Items.json */,
			);
			path = Models;
			sourceTree = "<group>";
		};
		CEDC660C283AAB83001D4E71 = {
			isa = PBXGroup;
			children = (
				CEDC6617283AAB83001D4E71 /* ZooMarket */,
				CEDC6616283AAB83001D4E71 /* Products */,
			);
			sourceTree = "<group>";
		};
		CEDC6616283AAB83001D4E71 /* Products */ = {
			isa = PBXGroup;
			children = (
				CEDC6615283AAB83001D4E71 /* ZooMarket.app */,
			);
			name = Products;
			sourceTree = "<group>";
		};
		CEDC6617283AAB83001D4E71 /* ZooMarket */ = {
			isa = PBXGroup;
			children = (
				CEDC6626283AAB85001D4E71 /* Info.plist */,
				CEDC661A283AAB83001D4E71 /* SceneDelegate.swift */,
				CEDC6618283AAB83001D4E71 /* AppDelegate.swift */,
				9895629B2863100B0061FE55 /* ZooMarket */,
				9895629C2863104B0061FE55 /* ZooMarket_iOS */,
				9895629D286310F00061FE55 /* ZooMarket_UIKit */,
				9895629E2863117A0061FE55 /* ZooMarketKit */,
			);
			path = ZooMarket;
			sourceTree = "<group>";
		};
		CEDC662D283AADF9001D4E71 /* Home */ = {
			isa = PBXGroup;
			children = (
				CEDC6632283AB1C2001D4E71 /* HomeCoordinator.swift */,
				989562922861C01B0061FE55 /* Home */,
				9895628F2861BFD10061FE55 /* Detail */,
			);
			path = Home;
			sourceTree = "<group>";
		};
		CEDC6634283AB4D2001D4E71 /* Reusables */ = {
			isa = PBXGroup;
			children = (
				CEDC6635283AB4F2001D4E71 /* CoordinatedNavigationController.swift */,
				CEDC6637283AB59E001D4E71 /* Coordinator.swift */,
				9895628B285DBCFF0061FE55 /* BaseCollectionViewController.swift */,
				9895628D2860DADB0061FE55 /* BaseCell.swift */,
			);
			path = Reusables;
			sourceTree = "<group>";
		};
		CEDC6639283BFE06001D4E71 /* Favourite */ = {
			isa = PBXGroup;
			children = (
				CEDC663A283BFE20001D4E71 /* FavoutiteCoordinator.swift */,
				CEDC663C283BFE2F001D4E71 /* FavouriteViewController.swift */,
			);
			path = Favourite;
			sourceTree = "<group>";
		};
		CEEB3D45283EB1F3007FF5FE /* Extensions */ = {
			isa = PBXGroup;
			children = (
				CEEB3D46283EB205007FF5FE /* BundleLoading.swift */,
			);
			path = Extensions;
			sourceTree = "<group>";
		};
		CEEB3D54284B472D007FF5FE /* Shared Views */ = {
			isa = PBXGroup;
			children = (
				CEEB3D55284B4745007FF5FE /* HeaderView.swift */,
			);
			path = "Shared Views";
			sourceTree = "<group>";
		};
/* End PBXGroup section */

/* Begin PBXNativeTarget section */
		CEDC6614283AAB83001D4E71 /* ZooMarket */ = {
			isa = PBXNativeTarget;
			buildConfigurationList = CEDC6629283AAB85001D4E71 /* Build configuration list for PBXNativeTarget "ZooMarket" */;
			buildPhases = (
				CEDC6611283AAB83001D4E71 /* Sources */,
				CEDC6612283AAB83001D4E71 /* Frameworks */,
				CEDC6613283AAB83001D4E71 /* Resources */,
			);
			buildRules = (
			);
			dependencies = (
			);
			name = ZooMarket;
			productName = ZooMarket;
			productReference = CEDC6615283AAB83001D4E71 /* ZooMarket.app */;
			productType = "com.apple.product-type.application";
		};
/* End PBXNativeTarget section */

/* Begin PBXProject section */
		CEDC660D283AAB83001D4E71 /* Project object */ = {
			isa = PBXProject;
			attributes = {
				BuildIndependentTargetsInParallel = 1;
				LastSwiftUpdateCheck = 1320;
				LastUpgradeCheck = 1320;
				TargetAttributes = {
					CEDC6614283AAB83001D4E71 = {
						CreatedOnToolsVersion = 13.2.1;
					};
				};
			};
			buildConfigurationList = CEDC6610283AAB83001D4E71 /* Build configuration list for PBXProject "ZooMarket" */;
			compatibilityVersion = "Xcode 13.0";
			developmentRegion = en;
			hasScannedForEncodings = 0;
			knownRegions = (
				en,
				Base,
			);
			mainGroup = CEDC660C283AAB83001D4E71;
			productRefGroup = CEDC6616283AAB83001D4E71 /* Products */;
			projectDirPath = "";
			projectRoot = "";
			targets = (
				CEDC6614283AAB83001D4E71 /* ZooMarket */,
			);
		};
/* End PBXProject section */

/* Begin PBXResourcesBuildPhase section */
		CEDC6613283AAB83001D4E71 /* Resources */ = {
			isa = PBXResourcesBuildPhase;
			buildActionMask = 2147483647;
			files = (
				CEDC6625283AAB85001D4E71 /* LaunchScreen.storyboard in Resources */,
				CEDC6622283AAB85001D4E71 /* Assets.xcassets in Resources */,
				CEEB3D44283EA76B007FF5FE /* Items.json in Resources */,
			);
			runOnlyForDeploymentPostprocessing = 0;
		};
/* End PBXResourcesBuildPhase section */

/* Begin PBXSourcesBuildPhase section */
		CEDC6611283AAB83001D4E71 /* Sources */ = {
			isa = PBXSourcesBuildPhase;
			buildActionMask = 2147483647;
			files = (
				CEEB3D4D283EC58E007FF5FE /* BrandCell.swift in Sources */,
				CE068568284F601D00BE6441 /* AlsoLikeCell.swift in Sources */,
				CEDC663B283BFE20001D4E71 /* FavoutiteCoordinator.swift in Sources */,
				CEDC6619283AAB83001D4E71 /* AppDelegate.swift in Sources */,
				CEDC661B283AAB83001D4E71 /* SceneDelegate.swift in Sources */,
				CEDC6636283AB4F2001D4E71 /* CoordinatedNavigationController.swift in Sources */,
				CEEB3D49283EB262007FF5FE /* Item.swift in Sources */,
				CEDC663D283BFE2F001D4E71 /* FavouriteViewController.swift in Sources */,
				CEEB3D3D283EA5FE007FF5FE /* HomeDataSource.swift in Sources */,
				989562912861BFE40061FE55 /* ItemDetailViewController.swift in Sources */,
				CEDC6633283AB1C2001D4E71 /* HomeCoordinator.swift in Sources */,
				CEEB3D56284B4745007FF5FE /* HeaderView.swift in Sources */,
				9895628E2860DADB0061FE55 /* BaseCell.swift in Sources */,
				CEDC662F283AAE14001D4E71 /* MainTabBarController.swift in Sources */,
				CEEB3D47283EB205007FF5FE /* BundleLoading.swift in Sources */,
				CEDC6631283AAE6A001D4E71 /* HomeViewController.swift in Sources */,
				CEDC6638283AB59E001D4E71 /* Coordinator.swift in Sources */,
				9895628C285DBCFF0061FE55 /* BaseCollectionViewController.swift in Sources */,
			);
			runOnlyForDeploymentPostprocessing = 0;
		};
/* End PBXSourcesBuildPhase section */

/* Begin PBXVariantGroup section */
		CEDC6623283AAB85001D4E71 /* LaunchScreen.storyboard */ = {
			isa = PBXVariantGroup;
			children = (
				CEDC6624283AAB85001D4E71 /* Base */,
			);
			name = LaunchScreen.storyboard;
			sourceTree = "<group>";
		};
/* End PBXVariantGroup section */

/* Begin XCBuildConfiguration section */
		CEDC6627283AAB85001D4E71 /* Debug */ = {
			isa = XCBuildConfiguration;
			buildSettings = {
				ALWAYS_SEARCH_USER_PATHS = NO;
				CLANG_ANALYZER_NONNULL = YES;
				CLANG_ANALYZER_NUMBER_OBJECT_CONVERSION = YES_AGGRESSIVE;
				CLANG_CXX_LANGUAGE_STANDARD = "gnu++17";
				CLANG_CXX_LIBRARY = "libc++";
				CLANG_ENABLE_MODULES = YES;
				CLANG_ENABLE_OBJC_ARC = YES;
				CLANG_ENABLE_OBJC_WEAK = YES;
				CLANG_WARN_BLOCK_CAPTURE_AUTORELEASING = YES;
				CLANG_WARN_BOOL_CONVERSION = YES;
				CLANG_WARN_COMMA = YES;
				CLANG_WARN_CONSTANT_CONVERSION = YES;
				CLANG_WARN_DEPRECATED_OBJC_IMPLEMENTATIONS = YES;
				CLANG_WARN_DIRECT_OBJC_ISA_USAGE = YES_ERROR;
				CLANG_WARN_DOCUMENTATION_COMMENTS = YES;
				CLANG_WARN_EMPTY_BODY = YES;
				CLANG_WARN_ENUM_CONVERSION = YES;
				CLANG_WARN_INFINITE_RECURSION = YES;
				CLANG_WARN_INT_CONVERSION = YES;
				CLANG_WARN_NON_LITERAL_NULL_CONVERSION = YES;
				CLANG_WARN_OBJC_IMPLICIT_RETAIN_SELF = YES;
				CLANG_WARN_OBJC_LITERAL_CONVERSION = YES;
				CLANG_WARN_OBJC_ROOT_CLASS = YES_ERROR;
				CLANG_WARN_QUOTED_INCLUDE_IN_FRAMEWORK_HEADER = YES;
				CLANG_WARN_RANGE_LOOP_ANALYSIS = YES;
				CLANG_WARN_STRICT_PROTOTYPES = YES;
				CLANG_WARN_SUSPICIOUS_MOVE = YES;
				CLANG_WARN_UNGUARDED_AVAILABILITY = YES_AGGRESSIVE;
				CLANG_WARN_UNREACHABLE_CODE = YES;
				CLANG_WARN__DUPLICATE_METHOD_MATCH = YES;
				COPY_PHASE_STRIP = NO;
				DEBUG_INFORMATION_FORMAT = dwarf;
				ENABLE_STRICT_OBJC_MSGSEND = YES;
				ENABLE_TESTABILITY = YES;
				GCC_C_LANGUAGE_STANDARD = gnu11;
				GCC_DYNAMIC_NO_PIC = NO;
				GCC_NO_COMMON_BLOCKS = YES;
				GCC_OPTIMIZATION_LEVEL = 0;
				GCC_PREPROCESSOR_DEFINITIONS = (
					"DEBUG=1",
					"$(inherited)",
				);
				GCC_WARN_64_TO_32_BIT_CONVERSION = YES;
				GCC_WARN_ABOUT_RETURN_TYPE = YES_ERROR;
				GCC_WARN_UNDECLARED_SELECTOR = YES;
				GCC_WARN_UNINITIALIZED_AUTOS = YES_AGGRESSIVE;
				GCC_WARN_UNUSED_FUNCTION = YES;
				GCC_WARN_UNUSED_VARIABLE = YES;
				IPHONEOS_DEPLOYMENT_TARGET = 15.2;
				MTL_ENABLE_DEBUG_INFO = INCLUDE_SOURCE;
				MTL_FAST_MATH = YES;
				ONLY_ACTIVE_ARCH = YES;
				SDKROOT = iphoneos;
				SWIFT_ACTIVE_COMPILATION_CONDITIONS = DEBUG;
				SWIFT_OPTIMIZATION_LEVEL = "-Onone";
			};
			name = Debug;
		};
		CEDC6628283AAB85001D4E71 /* Release */ = {
			isa = XCBuildConfiguration;
			buildSettings = {
				ALWAYS_SEARCH_USER_PATHS = NO;
				CLANG_ANALYZER_NONNULL = YES;
				CLANG_ANALYZER_NUMBER_OBJECT_CONVERSION = YES_AGGRESSIVE;
				CLANG_CXX_LANGUAGE_STANDARD = "gnu++17";
				CLANG_CXX_LIBRARY = "libc++";
				CLANG_ENABLE_MODULES = YES;
				CLANG_ENABLE_OBJC_ARC = YES;
				CLANG_ENABLE_OBJC_WEAK = YES;
				CLANG_WARN_BLOCK_CAPTURE_AUTORELEASING = YES;
				CLANG_WARN_BOOL_CONVERSION = YES;
				CLANG_WARN_COMMA = YES;
				CLANG_WARN_CONSTANT_CONVERSION = YES;
				CLANG_WARN_DEPRECATED_OBJC_IMPLEMENTATIONS = YES;
				CLANG_WARN_DIRECT_OBJC_ISA_USAGE = YES_ERROR;
				CLANG_WARN_DOCUMENTATION_COMMENTS = YES;
				CLANG_WARN_EMPTY_BODY = YES;
				CLANG_WARN_ENUM_CONVERSION = YES;
				CLANG_WARN_INFINITE_RECURSION = YES;
				CLANG_WARN_INT_CONVERSION = YES;
				CLANG_WARN_NON_LITERAL_NULL_CONVERSION = YES;
				CLANG_WARN_OBJC_IMPLICIT_RETAIN_SELF = YES;
				CLANG_WARN_OBJC_LITERAL_CONVERSION = YES;
				CLANG_WARN_OBJC_ROOT_CLASS = YES_ERROR;
				CLANG_WARN_QUOTED_INCLUDE_IN_FRAMEWORK_HEADER = YES;
				CLANG_WARN_RANGE_LOOP_ANALYSIS = YES;
				CLANG_WARN_STRICT_PROTOTYPES = YES;
				CLANG_WARN_SUSPICIOUS_MOVE = YES;
				CLANG_WARN_UNGUARDED_AVAILABILITY = YES_AGGRESSIVE;
				CLANG_WARN_UNREACHABLE_CODE = YES;
				CLANG_WARN__DUPLICATE_METHOD_MATCH = YES;
				COPY_PHASE_STRIP = NO;
				DEBUG_INFORMATION_FORMAT = "dwarf-with-dsym";
				ENABLE_NS_ASSERTIONS = NO;
				ENABLE_STRICT_OBJC_MSGSEND = YES;
				GCC_C_LANGUAGE_STANDARD = gnu11;
				GCC_NO_COMMON_BLOCKS = YES;
				GCC_WARN_64_TO_32_BIT_CONVERSION = YES;
				GCC_WARN_ABOUT_RETURN_TYPE = YES_ERROR;
				GCC_WARN_UNDECLARED_SELECTOR = YES;
				GCC_WARN_UNINITIALIZED_AUTOS = YES_AGGRESSIVE;
				GCC_WARN_UNUSED_FUNCTION = YES;
				GCC_WARN_UNUSED_VARIABLE = YES;
				IPHONEOS_DEPLOYMENT_TARGET = 15.2;
				MTL_ENABLE_DEBUG_INFO = NO;
				MTL_FAST_MATH = YES;
				SDKROOT = iphoneos;
				SWIFT_COMPILATION_MODE = wholemodule;
				SWIFT_OPTIMIZATION_LEVEL = "-O";
				VALIDATE_PRODUCT = YES;
			};
			name = Release;
		};
		CEDC662A283AAB85001D4E71 /* Debug */ = {
			isa = XCBuildConfiguration;
			buildSettings = {
				ASSETCATALOG_COMPILER_APPICON_NAME = AppIcon;
				ASSETCATALOG_COMPILER_GLOBAL_ACCENT_COLOR_NAME = AccentColor;
				CODE_SIGN_STYLE = Automatic;
				CURRENT_PROJECT_VERSION = 1;
				DEVELOPMENT_TEAM = 9A27Z44H5M;
				GENERATE_INFOPLIST_FILE = YES;
				INFOPLIST_FILE = ZooMarket/Info.plist;
				INFOPLIST_KEY_UIApplicationSupportsIndirectInputEvents = YES;
				INFOPLIST_KEY_UILaunchStoryboardName = LaunchScreen;
				INFOPLIST_KEY_UISupportedInterfaceOrientations_iPad = "UIInterfaceOrientationPortrait UIInterfaceOrientationPortraitUpsideDown UIInterfaceOrientationLandscapeLeft UIInterfaceOrientationLandscapeRight";
				INFOPLIST_KEY_UISupportedInterfaceOrientations_iPhone = "UIInterfaceOrientationPortrait UIInterfaceOrientationLandscapeLeft UIInterfaceOrientationLandscapeRight";
				IPHONEOS_DEPLOYMENT_TARGET = 13.0;
				LD_RUNPATH_SEARCH_PATHS = (
					"$(inherited)",
					"@executable_path/Frameworks",
				);
				MARKETING_VERSION = 1.0;
				PRODUCT_BUNDLE_IDENTIFIER = am.tigran.gishian.ZooMarket;
				PRODUCT_NAME = "$(TARGET_NAME)";
				SWIFT_EMIT_LOC_STRINGS = YES;
				SWIFT_VERSION = 5.0;
				TARGETED_DEVICE_FAMILY = "1,2";
			};
			name = Debug;
		};
		CEDC662B283AAB85001D4E71 /* Release */ = {
			isa = XCBuildConfiguration;
			buildSettings = {
				ASSETCATALOG_COMPILER_APPICON_NAME = AppIcon;
				ASSETCATALOG_COMPILER_GLOBAL_ACCENT_COLOR_NAME = AccentColor;
				CODE_SIGN_STYLE = Automatic;
				CURRENT_PROJECT_VERSION = 1;
				DEVELOPMENT_TEAM = 9A27Z44H5M;
				GENERATE_INFOPLIST_FILE = YES;
				INFOPLIST_FILE = ZooMarket/Info.plist;
				INFOPLIST_KEY_UIApplicationSupportsIndirectInputEvents = YES;
				INFOPLIST_KEY_UILaunchStoryboardName = LaunchScreen;
				INFOPLIST_KEY_UISupportedInterfaceOrientations_iPad = "UIInterfaceOrientationPortrait UIInterfaceOrientationPortraitUpsideDown UIInterfaceOrientationLandscapeLeft UIInterfaceOrientationLandscapeRight";
				INFOPLIST_KEY_UISupportedInterfaceOrientations_iPhone = "UIInterfaceOrientationPortrait UIInterfaceOrientationLandscapeLeft UIInterfaceOrientationLandscapeRight";
				IPHONEOS_DEPLOYMENT_TARGET = 13.0;
				LD_RUNPATH_SEARCH_PATHS = (
					"$(inherited)",
					"@executable_path/Frameworks",
				);
				MARKETING_VERSION = 1.0;
				PRODUCT_BUNDLE_IDENTIFIER = am.tigran.gishian.ZooMarket;
				PRODUCT_NAME = "$(TARGET_NAME)";
				SWIFT_EMIT_LOC_STRINGS = YES;
				SWIFT_VERSION = 5.0;
				TARGETED_DEVICE_FAMILY = "1,2";
			};
			name = Release;
		};
/* End XCBuildConfiguration section */

/* Begin XCConfigurationList section */
		CEDC6610283AAB83001D4E71 /* Build configuration list for PBXProject "ZooMarket" */ = {
			isa = XCConfigurationList;
			buildConfigurations = (
				CEDC6627283AAB85001D4E71 /* Debug */,
				CEDC6628283AAB85001D4E71 /* Release */,
			);
			defaultConfigurationIsVisible = 0;
			defaultConfigurationName = Release;
		};
		CEDC6629283AAB85001D4E71 /* Build configuration list for PBXNativeTarget "ZooMarket" */ = {
			isa = XCConfigurationList;
			buildConfigurations = (
				CEDC662A283AAB85001D4E71 /* Debug */,
				CEDC662B283AAB85001D4E71 /* Release */,
			);
			defaultConfigurationIsVisible = 0;
			defaultConfigurationName = Release;
		};
/* End XCConfigurationList section */
	};
	rootObject = CEDC660D283AAB83001D4E71 /* Project object */;
}
